// !$*UTF8*$!
{
	archiveVersion = 1;
	classes = {
	};
	objectVersion = 50;
	objects = {

/* Begin PBXBuildFile section */
		215A2130261B076600B80028 /* WelcomePageViewController.swift in Sources */ = {isa = PBXBuildFile; fileRef = 215A212F261B076600B80028 /* WelcomePageViewController.swift */; };
		217B0AD3261B5050002757CD /* alertActionViewController.swift in Sources */ = {isa = PBXBuildFile; fileRef = 217B0AD2261B5050002757CD /* alertActionViewController.swift */; };
		61185046261AAB730092974A /* AppDelegate.swift in Sources */ = {isa = PBXBuildFile; fileRef = 61185045261AAB730092974A /* AppDelegate.swift */; };
		61185048261AAB730092974A /* SceneDelegate.swift in Sources */ = {isa = PBXBuildFile; fileRef = 61185047261AAB730092974A /* SceneDelegate.swift */; };
		6118504D261AAB730092974A /* Root.storyboard in Resources */ = {isa = PBXBuildFile; fileRef = 6118504B261AAB730092974A /* Root.storyboard */; };
		61185050261AAB730092974A /* Pile.xcdatamodeld in Sources */ = {isa = PBXBuildFile; fileRef = 6118504E261AAB730092974A /* Pile.xcdatamodeld */; };
		61185052261AAB730092974A /* Assets.xcassets in Resources */ = {isa = PBXBuildFile; fileRef = 61185051261AAB730092974A /* Assets.xcassets */; };
		61185055261AAB730092974A /* LaunchScreen.storyboard in Resources */ = {isa = PBXBuildFile; fileRef = 61185053261AAB730092974A /* LaunchScreen.storyboard */; };
		61185067261AAFB40092974A /* Home.storyboard in Resources */ = {isa = PBXBuildFile; fileRef = 61185066261AAFB40092974A /* Home.storyboard */; };
		6118506D261AB1250092974A /* ChallengeProgress.storyboard in Resources */ = {isa = PBXBuildFile; fileRef = 6118506B261AB1250092974A /* ChallengeProgress.storyboard */; };
		61185071261AB1A80092974A /* Challenge.storyboard in Resources */ = {isa = PBXBuildFile; fileRef = 61185070261AB1A80092974A /* Challenge.storyboard */; };
		61185076261AB2AE0092974A /* WelcomePage.storyboard in Resources */ = {isa = PBXBuildFile; fileRef = 61185075261AB2AE0092974A /* WelcomePage.storyboard */; };
		6119500A261C65B00009DE71 /* CoreDataManager.swift in Sources */ = {isa = PBXBuildFile; fileRef = 61195009261C65B00009DE71 /* CoreDataManager.swift */; };
		61195024261C88A10009DE71 /* Challenge+CoreDataClass.swift in Sources */ = {isa = PBXBuildFile; fileRef = 6119501E261C88A10009DE71 /* Challenge+CoreDataClass.swift */; };
		61195025261C88A10009DE71 /* Challenge+CoreDataProperties.swift in Sources */ = {isa = PBXBuildFile; fileRef = 6119501F261C88A10009DE71 /* Challenge+CoreDataProperties.swift */; };
		61195026261C88A10009DE71 /* Status+CoreDataClass.swift in Sources */ = {isa = PBXBuildFile; fileRef = 61195020261C88A10009DE71 /* Status+CoreDataClass.swift */; };
		61195027261C88A10009DE71 /* Status+CoreDataProperties.swift in Sources */ = {isa = PBXBuildFile; fileRef = 61195021261C88A10009DE71 /* Status+CoreDataProperties.swift */; };
		61195028261C88A10009DE71 /* User+CoreDataClass.swift in Sources */ = {isa = PBXBuildFile; fileRef = 61195022261C88A10009DE71 /* User+CoreDataClass.swift */; };
		61195029261C88A10009DE71 /* User+CoreDataProperties.swift in Sources */ = {isa = PBXBuildFile; fileRef = 61195023261C88A10009DE71 /* User+CoreDataProperties.swift */; };
		6E1E0DA2261B069F00AFEC13 /* ChallengeTableViewController.swift in Sources */ = {isa = PBXBuildFile; fileRef = 6E1E0DA1261B069F00AFEC13 /* ChallengeTableViewController.swift */; };
		6E1E0DA5261B07B200AFEC13 /* ChallengeDetailViewController.swift in Sources */ = {isa = PBXBuildFile; fileRef = 6E1E0DA4261B07B200AFEC13 /* ChallengeDetailViewController.swift */; };
		6E1E0E86261ED50900AFEC13 /* ImageCell.swift in Sources */ = {isa = PBXBuildFile; fileRef = 6E1E0E85261ED50900AFEC13 /* ImageCell.swift */; };
		6E1E0E89261ED51600AFEC13 /* DetailCell.swift in Sources */ = {isa = PBXBuildFile; fileRef = 6E1E0E88261ED51600AFEC13 /* DetailCell.swift */; };
		6E8B9A4326241965005DEF96 /* HowCell.swift in Sources */ = {isa = PBXBuildFile; fileRef = 6E8B9A4126241965005DEF96 /* HowCell.swift */; };
		6E8B9A4426241965005DEF96 /* HowCell.xib in Resources */ = {isa = PBXBuildFile; fileRef = 6E8B9A4226241965005DEF96 /* HowCell.xib */; };
		6EC41262261AE9770055DB27 /* Challenge.swift in Sources */ = {isa = PBXBuildFile; fileRef = 6EC41261261AE9770055DB27 /* Challenge.swift */; };
		B76B4CC7261AF97D008DF8C3 /* HomeViewController.swift in Sources */ = {isa = PBXBuildFile; fileRef = B76B4CC6261AF97D008DF8C3 /* HomeViewController.swift */; };
		B76B4CCA261B34B0008DF8C3 /* TaskTableViewCell.swift in Sources */ = {isa = PBXBuildFile; fileRef = B76B4CC9261B34B0008DF8C3 /* TaskTableViewCell.swift */; };
/* End PBXBuildFile section */

/* Begin PBXFileReference section */
		215A212F261B076600B80028 /* WelcomePageViewController.swift */ = {isa = PBXFileReference; lastKnownFileType = sourcecode.swift; path = WelcomePageViewController.swift; sourceTree = "<group>"; };
		217B0AD2261B5050002757CD /* alertActionViewController.swift */ = {isa = PBXFileReference; lastKnownFileType = sourcecode.swift; path = alertActionViewController.swift; sourceTree = "<group>"; };
		61185042261AAB730092974A /* Pile.app */ = {isa = PBXFileReference; explicitFileType = wrapper.application; includeInIndex = 0; path = Pile.app; sourceTree = BUILT_PRODUCTS_DIR; };
		61185045261AAB730092974A /* AppDelegate.swift */ = {isa = PBXFileReference; lastKnownFileType = sourcecode.swift; path = AppDelegate.swift; sourceTree = "<group>"; };
		61185047261AAB730092974A /* SceneDelegate.swift */ = {isa = PBXFileReference; lastKnownFileType = sourcecode.swift; path = SceneDelegate.swift; sourceTree = "<group>"; };
		6118504C261AAB730092974A /* Base */ = {isa = PBXFileReference; lastKnownFileType = file.storyboard; name = Base; path = Base.lproj/Root.storyboard; sourceTree = "<group>"; };
		6118504F261AAB730092974A /* Pile.xcdatamodel */ = {isa = PBXFileReference; lastKnownFileType = wrapper.xcdatamodel; path = Pile.xcdatamodel; sourceTree = "<group>"; };
		61185051261AAB730092974A /* Assets.xcassets */ = {isa = PBXFileReference; lastKnownFileType = folder.assetcatalog; path = Assets.xcassets; sourceTree = "<group>"; };
		61185054261AAB730092974A /* Base */ = {isa = PBXFileReference; lastKnownFileType = file.storyboard; name = Base; path = Base.lproj/LaunchScreen.storyboard; sourceTree = "<group>"; };
		61185056261AAB730092974A /* Info.plist */ = {isa = PBXFileReference; lastKnownFileType = text.plist.xml; path = Info.plist; sourceTree = "<group>"; };
		61185066261AAFB40092974A /* Home.storyboard */ = {isa = PBXFileReference; fileEncoding = 4; lastKnownFileType = file.storyboard; path = Home.storyboard; sourceTree = "<group>"; };
		6118506C261AB1250092974A /* Base */ = {isa = PBXFileReference; lastKnownFileType = file.storyboard; name = Base; path = Pile/Module/Base.lproj/ChallengeProgress.storyboard; sourceTree = "<group>"; };
		61185070261AB1A80092974A /* Challenge.storyboard */ = {isa = PBXFileReference; lastKnownFileType = file.storyboard; path = Challenge.storyboard; sourceTree = "<group>"; };
		61185075261AB2AE0092974A /* WelcomePage.storyboard */ = {isa = PBXFileReference; lastKnownFileType = file.storyboard; path = WelcomePage.storyboard; sourceTree = "<group>"; };
		61195009261C65B00009DE71 /* CoreDataManager.swift */ = {isa = PBXFileReference; lastKnownFileType = sourcecode.swift; path = CoreDataManager.swift; sourceTree = "<group>"; };
		6119501E261C88A10009DE71 /* Challenge+CoreDataClass.swift */ = {isa = PBXFileReference; lastKnownFileType = sourcecode.swift; path = "Challenge+CoreDataClass.swift"; sourceTree = SOURCE_ROOT; };
		6119501F261C88A10009DE71 /* Challenge+CoreDataProperties.swift */ = {isa = PBXFileReference; lastKnownFileType = sourcecode.swift; path = "Challenge+CoreDataProperties.swift"; sourceTree = SOURCE_ROOT; };
		61195020261C88A10009DE71 /* Status+CoreDataClass.swift */ = {isa = PBXFileReference; lastKnownFileType = sourcecode.swift; path = "Status+CoreDataClass.swift"; sourceTree = SOURCE_ROOT; };
		61195021261C88A10009DE71 /* Status+CoreDataProperties.swift */ = {isa = PBXFileReference; lastKnownFileType = sourcecode.swift; path = "Status+CoreDataProperties.swift"; sourceTree = SOURCE_ROOT; };
		61195022261C88A10009DE71 /* User+CoreDataClass.swift */ = {isa = PBXFileReference; lastKnownFileType = sourcecode.swift; path = "User+CoreDataClass.swift"; sourceTree = SOURCE_ROOT; };
		61195023261C88A10009DE71 /* User+CoreDataProperties.swift */ = {isa = PBXFileReference; lastKnownFileType = sourcecode.swift; path = "User+CoreDataProperties.swift"; sourceTree = SOURCE_ROOT; };
		6E1E0DA1261B069F00AFEC13 /* ChallengeTableViewController.swift */ = {isa = PBXFileReference; lastKnownFileType = sourcecode.swift; path = ChallengeTableViewController.swift; sourceTree = "<group>"; };
		6E1E0DA4261B07B200AFEC13 /* ChallengeDetailViewController.swift */ = {isa = PBXFileReference; lastKnownFileType = sourcecode.swift; path = ChallengeDetailViewController.swift; sourceTree = "<group>"; };
		6E1E0E85261ED50900AFEC13 /* ImageCell.swift */ = {isa = PBXFileReference; lastKnownFileType = sourcecode.swift; path = ImageCell.swift; sourceTree = "<group>"; };
		6E1E0E88261ED51600AFEC13 /* DetailCell.swift */ = {isa = PBXFileReference; lastKnownFileType = sourcecode.swift; path = DetailCell.swift; sourceTree = "<group>"; };
		6E8B9A4126241965005DEF96 /* HowCell.swift */ = {isa = PBXFileReference; lastKnownFileType = sourcecode.swift; path = HowCell.swift; sourceTree = "<group>"; };
		6E8B9A4226241965005DEF96 /* HowCell.xib */ = {isa = PBXFileReference; lastKnownFileType = file.xib; path = HowCell.xib; sourceTree = "<group>"; };
		6EC41261261AE9770055DB27 /* Challenge.swift */ = {isa = PBXFileReference; lastKnownFileType = sourcecode.swift; path = Challenge.swift; sourceTree = "<group>"; };
		B76B4CC6261AF97D008DF8C3 /* HomeViewController.swift */ = {isa = PBXFileReference; lastKnownFileType = sourcecode.swift; path = HomeViewController.swift; sourceTree = "<group>"; };
		B76B4CC9261B34B0008DF8C3 /* TaskTableViewCell.swift */ = {isa = PBXFileReference; lastKnownFileType = sourcecode.swift; path = TaskTableViewCell.swift; sourceTree = "<group>"; };
/* End PBXFileReference section */

/* Begin PBXFrameworksBuildPhase section */
		6118503F261AAB730092974A /* Frameworks */ = {
			isa = PBXFrameworksBuildPhase;
			buildActionMask = 2147483647;
			files = (
			);
			runOnlyForDeploymentPostprocessing = 0;
		};
/* End PBXFrameworksBuildPhase section */

/* Begin PBXGroup section */
		61185039261AAB730092974A = {
			isa = PBXGroup;
			children = (
				61185044261AAB730092974A /* Pile */,
				61185043261AAB730092974A /* Products */,
			);
			sourceTree = "<group>";
		};
		61185043261AAB730092974A /* Products */ = {
			isa = PBXGroup;
			children = (
				61185042261AAB730092974A /* Pile.app */,
			);
			name = Products;
			sourceTree = "<group>";
		};
		61185044261AAB730092974A /* Pile */ = {
			isa = PBXGroup;
			children = (
				6EC4125D261AE7E10055DB27 /* Challenge Model */,
				61185060261AAD4C0092974A /* App */,
				6118505D261AAC220092974A /* Module */,
				61185062261AAD8D0092974A /* Intro */,
				61185064261AADE80092974A /* Core Data Manager */,
				61185061261AAD660092974A /* Resources */,
				61185056261AAB730092974A /* Info.plist */,
			);
			path = Pile;
			sourceTree = "<group>";
		};
		6118505D261AAC220092974A /* Module */ = {
			isa = PBXGroup;
			children = (
				6118505E261AAC280092974A /* Home */,
				6118504B261AAB730092974A /* Root.storyboard */,
				6118506F261AB1800092974A /* Challenge */,
				6118505F261AAD130092974A /* Challenge Progress */,
			);
			path = Module;
			sourceTree = "<group>";
		};
		6118505E261AAC280092974A /* Home */ = {
			isa = PBXGroup;
			children = (
				61185066261AAFB40092974A /* Home.storyboard */,
				B76B4CC6261AF97D008DF8C3 /* HomeViewController.swift */,
				B76B4CC9261B34B0008DF8C3 /* TaskTableViewCell.swift */,
			);
			path = Home;
			sourceTree = "<group>";
		};
		6118505F261AAD130092974A /* Challenge Progress */ = {
			isa = PBXGroup;
			children = (
				6118506B261AB1250092974A /* ChallengeProgress.storyboard */,
			);
			path = "Challenge Progress";
			sourceTree = "<group>";
		};
		61185060261AAD4C0092974A /* App */ = {
			isa = PBXGroup;
			children = (
				61185045261AAB730092974A /* AppDelegate.swift */,
				61185047261AAB730092974A /* SceneDelegate.swift */,
			);
			path = App;
			sourceTree = "<group>";
		};
		61185061261AAD660092974A /* Resources */ = {
			isa = PBXGroup;
			children = (
				61185051261AAB730092974A /* Assets.xcassets */,
			);
			path = Resources;
			sourceTree = "<group>";
		};
		61185062261AAD8D0092974A /* Intro */ = {
			isa = PBXGroup;
			children = (
				61185063261AAD9E0092974A /* Welcome Page */,
				61185053261AAB730092974A /* LaunchScreen.storyboard */,
			);
			path = Intro;
			sourceTree = "<group>";
		};
		61185063261AAD9E0092974A /* Welcome Page */ = {
			isa = PBXGroup;
			children = (
				61185075261AB2AE0092974A /* WelcomePage.storyboard */,
				215A212F261B076600B80028 /* WelcomePageViewController.swift */,
				217B0AD2261B5050002757CD /* alertActionViewController.swift */,
			);
			path = "Welcome Page";
			sourceTree = "<group>";
		};
		61185064261AADE80092974A /* Core Data Manager */ = {
			isa = PBXGroup;
			children = (
				617DE4F8261C2CE600154C3C /* Managed Object Subclass */,
				6118504E261AAB730092974A /* Pile.xcdatamodeld */,
				61195009261C65B00009DE71 /* CoreDataManager.swift */,
			);
			path = "Core Data Manager";
			sourceTree = "<group>";
		};
		6118506F261AB1800092974A /* Challenge */ = {
			isa = PBXGroup;
			children = (
				6E8B9A4026241949005DEF96 /* Collection Cell */,
				61185070261AB1A80092974A /* Challenge.storyboard */,
				6E1E0DA1261B069F00AFEC13 /* ChallengeTableViewController.swift */,
				6E1E0DA4261B07B200AFEC13 /* ChallengeDetailViewController.swift */,
				6E1E0E85261ED50900AFEC13 /* ImageCell.swift */,
				6E1E0E88261ED51600AFEC13 /* DetailCell.swift */,
			);
			path = Challenge;
			sourceTree = "<group>";
		};
		617DE4F8261C2CE600154C3C /* Managed Object Subclass */ = {
			isa = PBXGroup;
			children = (
				6119501E261C88A10009DE71 /* Challenge+CoreDataClass.swift */,
				6119501F261C88A10009DE71 /* Challenge+CoreDataProperties.swift */,
				61195020261C88A10009DE71 /* Status+CoreDataClass.swift */,
				61195021261C88A10009DE71 /* Status+CoreDataProperties.swift */,
				61195022261C88A10009DE71 /* User+CoreDataClass.swift */,
				61195023261C88A10009DE71 /* User+CoreDataProperties.swift */,
			);
			path = "Managed Object Subclass";
			sourceTree = "<group>";
		};
		6E8B9A4026241949005DEF96 /* Collection Cell */ = {
			isa = PBXGroup;
			children = (
				6E8B9A4126241965005DEF96 /* HowCell.swift */,
				6E8B9A4226241965005DEF96 /* HowCell.xib */,
			);
			path = "Collection Cell";
			sourceTree = "<group>";
		};
		6EC4125D261AE7E10055DB27 /* Challenge Model */ = {
			isa = PBXGroup;
			children = (
				6EC41261261AE9770055DB27 /* Challenge.swift */,
			);
			path = "Challenge Model";
			sourceTree = "<group>";
		};
/* End PBXGroup section */

/* Begin PBXNativeTarget section */
		61185041261AAB730092974A /* Pile */ = {
			isa = PBXNativeTarget;
			buildConfigurationList = 61185059261AAB730092974A /* Build configuration list for PBXNativeTarget "Pile" */;
			buildPhases = (
				6118503E261AAB730092974A /* Sources */,
				6118503F261AAB730092974A /* Frameworks */,
				61185040261AAB730092974A /* Resources */,
			);
			buildRules = (
			);
			dependencies = (
			);
			name = Pile;
			productName = Pile;
			productReference = 61185042261AAB730092974A /* Pile.app */;
			productType = "com.apple.product-type.application";
		};
/* End PBXNativeTarget section */

/* Begin PBXProject section */
		6118503A261AAB730092974A /* Project object */ = {
			isa = PBXProject;
			attributes = {
				LastSwiftUpdateCheck = 1240;
				LastUpgradeCheck = 1240;
				TargetAttributes = {
					61185041261AAB730092974A = {
						CreatedOnToolsVersion = 12.4;
					};
				};
			};
			buildConfigurationList = 6118503D261AAB730092974A /* Build configuration list for PBXProject "Pile" */;
			compatibilityVersion = "Xcode 9.3";
			developmentRegion = en;
			hasScannedForEncodings = 0;
			knownRegions = (
				en,
				Base,
			);
			mainGroup = 61185039261AAB730092974A;
			productRefGroup = 61185043261AAB730092974A /* Products */;
			projectDirPath = "";
			projectRoot = "";
			targets = (
				61185041261AAB730092974A /* Pile */,
			);
		};
/* End PBXProject section */

/* Begin PBXResourcesBuildPhase section */
		61185040261AAB730092974A /* Resources */ = {
			isa = PBXResourcesBuildPhase;
			buildActionMask = 2147483647;
			files = (
				61185071261AB1A80092974A /* Challenge.storyboard in Resources */,
				61185055261AAB730092974A /* LaunchScreen.storyboard in Resources */,
				6E8B9A4426241965005DEF96 /* HowCell.xib in Resources */,
				6118506D261AB1250092974A /* ChallengeProgress.storyboard in Resources */,
				61185052261AAB730092974A /* Assets.xcassets in Resources */,
				6118504D261AAB730092974A /* Root.storyboard in Resources */,
				61185076261AB2AE0092974A /* WelcomePage.storyboard in Resources */,
				61185067261AAFB40092974A /* Home.storyboard in Resources */,
			);
			runOnlyForDeploymentPostprocessing = 0;
		};
/* End PBXResourcesBuildPhase section */

/* Begin PBXSourcesBuildPhase section */
		6118503E261AAB730092974A /* Sources */ = {
			isa = PBXSourcesBuildPhase;
			buildActionMask = 2147483647;
			files = (
				6E1E0DA5261B07B200AFEC13 /* ChallengeDetailViewController.swift in Sources */,
				61185046261AAB730092974A /* AppDelegate.swift in Sources */,
				61195028261C88A10009DE71 /* User+CoreDataClass.swift in Sources */,
				61195024261C88A10009DE71 /* Challenge+CoreDataClass.swift in Sources */,
				61185048261AAB730092974A /* SceneDelegate.swift in Sources */,
				217B0AD3261B5050002757CD /* alertActionViewController.swift in Sources */,
				215A2130261B076600B80028 /* WelcomePageViewController.swift in Sources */,
				B76B4CCA261B34B0008DF8C3 /* TaskTableViewCell.swift in Sources */,
				61185050261AAB730092974A /* Pile.xcdatamodeld in Sources */,
				6EC41262261AE9770055DB27 /* Challenge.swift in Sources */,
				61195025261C88A10009DE71 /* Challenge+CoreDataProperties.swift in Sources */,
				6E1E0E86261ED50900AFEC13 /* ImageCell.swift in Sources */,
				6E8B9A4326241965005DEF96 /* HowCell.swift in Sources */,
				6119500A261C65B00009DE71 /* CoreDataManager.swift in Sources */,
				61195029261C88A10009DE71 /* User+CoreDataProperties.swift in Sources */,
				61195027261C88A10009DE71 /* Status+CoreDataProperties.swift in Sources */,
				61195026261C88A10009DE71 /* Status+CoreDataClass.swift in Sources */,
				6E1E0DA2261B069F00AFEC13 /* ChallengeTableViewController.swift in Sources */,
				6E1E0E89261ED51600AFEC13 /* DetailCell.swift in Sources */,
				B76B4CC7261AF97D008DF8C3 /* HomeViewController.swift in Sources */,
			);
			runOnlyForDeploymentPostprocessing = 0;
		};
/* End PBXSourcesBuildPhase section */

/* Begin PBXVariantGroup section */
		6118504B261AAB730092974A /* Root.storyboard */ = {
			isa = PBXVariantGroup;
			children = (
				6118504C261AAB730092974A /* Base */,
			);
			name = Root.storyboard;
			sourceTree = "<group>";
		};
		61185053261AAB730092974A /* LaunchScreen.storyboard */ = {
			isa = PBXVariantGroup;
			children = (
				61185054261AAB730092974A /* Base */,
			);
			name = LaunchScreen.storyboard;
			sourceTree = "<group>";
		};
		6118506B261AB1250092974A /* ChallengeProgress.storyboard */ = {
			isa = PBXVariantGroup;
			children = (
				6118506C261AB1250092974A /* Base */,
			);
			name = ChallengeProgress.storyboard;
			sourceTree = "<group>";
		};
/* End PBXVariantGroup section */

/* Begin XCBuildConfiguration section */
		61185057261AAB730092974A /* Debug */ = {
			isa = XCBuildConfiguration;
			buildSettings = {
				ALWAYS_SEARCH_USER_PATHS = NO;
				CLANG_ANALYZER_NONNULL = YES;
				CLANG_ANALYZER_NUMBER_OBJECT_CONVERSION = YES_AGGRESSIVE;
				CLANG_CXX_LANGUAGE_STANDARD = "gnu++14";
				CLANG_CXX_LIBRARY = "libc++";
				CLANG_ENABLE_MODULES = YES;
				CLANG_ENABLE_OBJC_ARC = YES;
				CLANG_ENABLE_OBJC_WEAK = YES;
				CLANG_WARN_BLOCK_CAPTURE_AUTORELEASING = YES;
				CLANG_WARN_BOOL_CONVERSION = YES;
				CLANG_WARN_COMMA = YES;
				CLANG_WARN_CONSTANT_CONVERSION = YES;
				CLANG_WARN_DEPRECATED_OBJC_IMPLEMENTATIONS = YES;
				CLANG_WARN_DIRECT_OBJC_ISA_USAGE = YES_ERROR;
				CLANG_WARN_DOCUMENTATION_COMMENTS = YES;
				CLANG_WARN_EMPTY_BODY = YES;
				CLANG_WARN_ENUM_CONVERSION = YES;
				CLANG_WARN_INFINITE_RECURSION = YES;
				CLANG_WARN_INT_CONVERSION = YES;
				CLANG_WARN_NON_LITERAL_NULL_CONVERSION = YES;
				CLANG_WARN_OBJC_IMPLICIT_RETAIN_SELF = YES;
				CLANG_WARN_OBJC_LITERAL_CONVERSION = YES;
				CLANG_WARN_OBJC_ROOT_CLASS = YES_ERROR;
				CLANG_WARN_QUOTED_INCLUDE_IN_FRAMEWORK_HEADER = YES;
				CLANG_WARN_RANGE_LOOP_ANALYSIS = YES;
				CLANG_WARN_STRICT_PROTOTYPES = YES;
				CLANG_WARN_SUSPICIOUS_MOVE = YES;
				CLANG_WARN_UNGUARDED_AVAILABILITY = YES_AGGRESSIVE;
				CLANG_WARN_UNREACHABLE_CODE = YES;
				CLANG_WARN__DUPLICATE_METHOD_MATCH = YES;
				COPY_PHASE_STRIP = NO;
				DEBUG_INFORMATION_FORMAT = dwarf;
				ENABLE_STRICT_OBJC_MSGSEND = YES;
				ENABLE_TESTABILITY = YES;
				GCC_C_LANGUAGE_STANDARD = gnu11;
				GCC_DYNAMIC_NO_PIC = NO;
				GCC_NO_COMMON_BLOCKS = YES;
				GCC_OPTIMIZATION_LEVEL = 0;
				GCC_PREPROCESSOR_DEFINITIONS = (
					"DEBUG=1",
					"$(inherited)",
				);
				GCC_WARN_64_TO_32_BIT_CONVERSION = YES;
				GCC_WARN_ABOUT_RETURN_TYPE = YES_ERROR;
				GCC_WARN_UNDECLARED_SELECTOR = YES;
				GCC_WARN_UNINITIALIZED_AUTOS = YES_AGGRESSIVE;
				GCC_WARN_UNUSED_FUNCTION = YES;
				GCC_WARN_UNUSED_VARIABLE = YES;
				IPHONEOS_DEPLOYMENT_TARGET = 14.4;
				MTL_ENABLE_DEBUG_INFO = INCLUDE_SOURCE;
				MTL_FAST_MATH = YES;
				ONLY_ACTIVE_ARCH = YES;
				SDKROOT = iphoneos;
				SWIFT_ACTIVE_COMPILATION_CONDITIONS = DEBUG;
				SWIFT_OPTIMIZATION_LEVEL = "-Onone";
			};
			name = Debug;
		};
		61185058261AAB730092974A /* Release */ = {
			isa = XCBuildConfiguration;
			buildSettings = {
				ALWAYS_SEARCH_USER_PATHS = NO;
				CLANG_ANALYZER_NONNULL = YES;
				CLANG_ANALYZER_NUMBER_OBJECT_CONVERSION = YES_AGGRESSIVE;
				CLANG_CXX_LANGUAGE_STANDARD = "gnu++14";
				CLANG_CXX_LIBRARY = "libc++";
				CLANG_ENABLE_MODULES = YES;
				CLANG_ENABLE_OBJC_ARC = YES;
				CLANG_ENABLE_OBJC_WEAK = YES;
				CLANG_WARN_BLOCK_CAPTURE_AUTORELEASING = YES;
				CLANG_WARN_BOOL_CONVERSION = YES;
				CLANG_WARN_COMMA = YES;
				CLANG_WARN_CONSTANT_CONVERSION = YES;
				CLANG_WARN_DEPRECATED_OBJC_IMPLEMENTATIONS = YES;
				CLANG_WARN_DIRECT_OBJC_ISA_USAGE = YES_ERROR;
				CLANG_WARN_DOCUMENTATION_COMMENTS = YES;
				CLANG_WARN_EMPTY_BODY = YES;
				CLANG_WARN_ENUM_CONVERSION = YES;
				CLANG_WARN_INFINITE_RECURSION = YES;
				CLANG_WARN_INT_CONVERSION = YES;
				CLANG_WARN_NON_LITERAL_NULL_CONVERSION = YES;
				CLANG_WARN_OBJC_IMPLICIT_RETAIN_SELF = YES;
				CLANG_WARN_OBJC_LITERAL_CONVERSION = YES;
				CLANG_WARN_OBJC_ROOT_CLASS = YES_ERROR;
				CLANG_WARN_QUOTED_INCLUDE_IN_FRAMEWORK_HEADER = YES;
				CLANG_WARN_RANGE_LOOP_ANALYSIS = YES;
				CLANG_WARN_STRICT_PROTOTYPES = YES;
				CLANG_WARN_SUSPICIOUS_MOVE = YES;
				CLANG_WARN_UNGUARDED_AVAILABILITY = YES_AGGRESSIVE;
				CLANG_WARN_UNREACHABLE_CODE = YES;
				CLANG_WARN__DUPLICATE_METHOD_MATCH = YES;
				COPY_PHASE_STRIP = NO;
				DEBUG_INFORMATION_FORMAT = "dwarf-with-dsym";
				ENABLE_NS_ASSERTIONS = NO;
				ENABLE_STRICT_OBJC_MSGSEND = YES;
				GCC_C_LANGUAGE_STANDARD = gnu11;
				GCC_NO_COMMON_BLOCKS = YES;
				GCC_WARN_64_TO_32_BIT_CONVERSION = YES;
				GCC_WARN_ABOUT_RETURN_TYPE = YES_ERROR;
				GCC_WARN_UNDECLARED_SELECTOR = YES;
				GCC_WARN_UNINITIALIZED_AUTOS = YES_AGGRESSIVE;
				GCC_WARN_UNUSED_FUNCTION = YES;
				GCC_WARN_UNUSED_VARIABLE = YES;
				IPHONEOS_DEPLOYMENT_TARGET = 14.4;
				MTL_ENABLE_DEBUG_INFO = NO;
				MTL_FAST_MATH = YES;
				SDKROOT = iphoneos;
				SWIFT_COMPILATION_MODE = wholemodule;
				SWIFT_OPTIMIZATION_LEVEL = "-O";
				VALIDATE_PRODUCT = YES;
			};
			name = Release;
		};
		6118505A261AAB730092974A /* Debug */ = {
			isa = XCBuildConfiguration;
			buildSettings = {
				ASSETCATALOG_COMPILER_APPICON_NAME = AppIcon;
				ASSETCATALOG_COMPILER_GLOBAL_ACCENT_COLOR_NAME = AccentColor;
				CODE_SIGN_STYLE = Automatic;
				DEVELOPMENT_TEAM = 33Z87RYAC2;
				INFOPLIST_FILE = Pile/Info.plist;
				LD_RUNPATH_SEARCH_PATHS = (
					"$(inherited)",
					"@executable_path/Frameworks",
				);
				PRODUCT_BUNDLE_IDENTIFIER = randyefan.Pile;
				PRODUCT_NAME = "$(TARGET_NAME)";
				SWIFT_VERSION = 5.0;
				TARGETED_DEVICE_FAMILY = 1;
			};
			name = Debug;
		};
		6118505B261AAB730092974A /* Release */ = {
			isa = XCBuildConfiguration;
			buildSettings = {
				ASSETCATALOG_COMPILER_APPICON_NAME = AppIcon;
				ASSETCATALOG_COMPILER_GLOBAL_ACCENT_COLOR_NAME = AccentColor;
				CODE_SIGN_STYLE = Automatic;
				DEVELOPMENT_TEAM = 33Z87RYAC2;
				INFOPLIST_FILE = Pile/Info.plist;
				LD_RUNPATH_SEARCH_PATHS = (
					"$(inherited)",
					"@executable_path/Frameworks",
				);
				PRODUCT_BUNDLE_IDENTIFIER = randyefan.Pile;
				PRODUCT_NAME = "$(TARGET_NAME)";
				SWIFT_VERSION = 5.0;
				TARGETED_DEVICE_FAMILY = 1;
			};
			name = Release;
		};
/* End XCBuildConfiguration section */

/* Begin XCConfigurationList section */
		6118503D261AAB730092974A /* Build configuration list for PBXProject "Pile" */ = {
			isa = XCConfigurationList;
			buildConfigurations = (
				61185057261AAB730092974A /* Debug */,
				61185058261AAB730092974A /* Release */,
			);
			defaultConfigurationIsVisible = 0;
			defaultConfigurationName = Release;
		};
		61185059261AAB730092974A /* Build configuration list for PBXNativeTarget "Pile" */ = {
			isa = XCConfigurationList;
			buildConfigurations = (
				6118505A261AAB730092974A /* Debug */,
				6118505B261AAB730092974A /* Release */,
			);
			defaultConfigurationIsVisible = 0;
			defaultConfigurationName = Release;
		};
/* End XCConfigurationList section */

/* Begin XCVersionGroup section */
		6118504E261AAB730092974A /* Pile.xcdatamodeld */ = {
			isa = XCVersionGroup;
			children = (
				6118504F261AAB730092974A /* Pile.xcdatamodel */,
			);
			currentVersion = 6118504F261AAB730092974A /* Pile.xcdatamodel */;
			path = Pile.xcdatamodeld;
			sourceTree = "<group>";
			versionGroupType = wrapper.xcdatamodel;
		};
/* End XCVersionGroup section */
	};
	rootObject = 6118503A261AAB730092974A /* Project object */;
}
